
Microsoft Visual Studio Solution File, Format Version 12.00
# Visual Studio Version 17
VisualStudioVersion = 17.11.35327.3
MinimumVisualStudioVersion = 10.0.40219.1
Project("{9A19103F-16F7-4668-BE54-9A1E7A4F7556}") = "Exercise", "Exercise\Exercise.csproj", "{8F279720-C5F7-4D7E-950F-1678F21AA6E8}"
EndProject
Project("{9A19103F-16F7-4668-BE54-9A1E7A4F7556}") = "Exercise 12", "Exercise 12\Exercise 12.csproj", "{AC3B1225-7A14-4751-B9A8-515D8CE75B37}"
EndProject
Project("{9A19103F-16F7-4668-BE54-9A1E7A4F7556}") = "Exercise 7", "Exercise 7\Exercise 7.csproj", "{3FB8048A-C60A-4834-8E77-9BC379D0911D}"
EndProject
Project("{9A19103F-16F7-4668-BE54-9A1E7A4F7556}") = "Exercise 13", "Exercise 13\Exercise 13.csproj", "{31C5F488-C3EB-4B26-A5FB-A0CA5E6B6C39}"
EndProject
Project("{9A19103F-16F7-4668-BE54-9A1E7A4F7556}") = "Exercise 14, 1-2", "Exercise 14\Exercise 14, 1-2.csproj", "{45578577-5698-4168-BD53-464F5A948B11}"
EndProject
Project("{9A19103F-16F7-4668-BE54-9A1E7A4F7556}") = "Exercise 14, 3", "Exercise 14, 3&4\Exercise 14, 3.csproj", "{06448F41-21F3-4638-BA23-F8BF1E2B41AE}"
EndProject
Project("{9A19103F-16F7-4668-BE54-9A1E7A4F7556}") = "Exercise 14, 4", "Exercise 14, 4\Exercise 14, 4.csproj", "{594962A0-CF75-4760-8934-265B6D47BC8E}"
EndProject
Project("{2150E333-8FDC-42A3-9474-1A3956D46DE8}") = "Exercise 20", "Exercise 20", "{CBCDA25C-C311-48D3-8038-D091BECD1B72}"
	ProjectSection(SolutionItems) = preProject
		20-1.cs = 20-1.cs
		20-2.cs = 20-2.cs
		20-3.cs = 20-3.cs
		20-4.cs = 20-4.cs
	EndProjectSection
EndProject
Project("{2150E333-8FDC-42A3-9474-1A3956D46DE8}") = "Exercise 22", "Exercise 22", "{9472A6CB-DA1E-44D9-8A33-700B54641DF3}"
	ProjectSection(SolutionItems) = preProject
		22-1.cs = 22-1.cs
		22-3.cs = 22-3.cs
		22-2.cs = 22-2.cs
	EndProjectSection
EndProject
Global
	GlobalSection(SolutionConfigurationPlatforms) = preSolution
		Debug|Any CPU = Debug|Any CPU
		Release|Any CPU = Release|Any CPU
	EndGlobalSection
	GlobalSection(ProjectConfigurationPlatforms) = postSolution
		{8F279720-C5F7-4D7E-950F-1678F21AA6E8}.Debug|Any CPU.ActiveCfg = Debug|Any CPU
		{8F279720-C5F7-4D7E-950F-1678F21AA6E8}.Debug|Any CPU.Build.0 = Debug|Any CPU
		{8F279720-C5F7-4D7E-950F-1678F21AA6E8}.Release|Any CPU.ActiveCfg = Release|Any CPU
		{8F279720-C5F7-4D7E-950F-1678F21AA6E8}.Release|Any CPU.Build.0 = Release|Any CPU
		{AC3B1225-7A14-4751-B9A8-515D8CE75B37}.Debug|Any CPU.ActiveCfg = Debug|Any CPU
		{AC3B1225-7A14-4751-B9A8-515D8CE75B37}.Debug|Any CPU.Build.0 = Debug|Any CPU
		{AC3B1225-7A14-4751-B9A8-515D8CE75B37}.Release|Any CPU.ActiveCfg = Release|Any CPU
		{AC3B1225-7A14-4751-B9A8-515D8CE75B37}.Release|Any CPU.Build.0 = Release|Any CPU
		{3FB8048A-C60A-4834-8E77-9BC379D0911D}.Debug|Any CPU.ActiveCfg = Debug|Any CPU
		{3FB8048A-C60A-4834-8E77-9BC379D0911D}.Debug|Any CPU.Build.0 = Debug|Any CPU
		{3FB8048A-C60A-4834-8E77-9BC379D0911D}.Release|Any CPU.ActiveCfg = Release|Any CPU
		{3FB8048A-C60A-4834-8E77-9BC379D0911D}.Release|Any CPU.Build.0 = Release|Any CPU
		{31C5F488-C3EB-4B26-A5FB-A0CA5E6B6C39}.Debug|Any CPU.ActiveCfg = Debug|Any CPU
		{31C5F488-C3EB-4B26-A5FB-A0CA5E6B6C39}.Debug|Any CPU.Build.0 = Debug|Any CPU
		{31C5F488-C3EB-4B26-A5FB-A0CA5E6B6C39}.Release|Any CPU.ActiveCfg = Release|Any CPU
		{31C5F488-C3EB-4B26-A5FB-A0CA5E6B6C39}.Release|Any CPU.Build.0 = Release|Any CPU
		{45578577-5698-4168-BD53-464F5A948B11}.Debug|Any CPU.ActiveCfg = Debug|Any CPU
		{45578577-5698-4168-BD53-464F5A948B11}.Debug|Any CPU.Build.0 = Debug|Any CPU
		{45578577-5698-4168-BD53-464F5A948B11}.Release|Any CPU.ActiveCfg = Release|Any CPU
		{45578577-5698-4168-BD53-464F5A948B11}.Release|Any CPU.Build.0 = Release|Any CPU
		{06448F41-21F3-4638-BA23-F8BF1E2B41AE}.Debug|Any CPU.ActiveCfg = Debug|Any CPU
		{06448F41-21F3-4638-BA23-F8BF1E2B41AE}.Debug|Any CPU.Build.0 = Debug|Any CPU
		{06448F41-21F3-4638-BA23-F8BF1E2B41AE}.Release|Any CPU.ActiveCfg = Release|Any CPU
		{06448F41-21F3-4638-BA23-F8BF1E2B41AE}.Release|Any CPU.Build.0 = Release|Any CPU
		{594962A0-CF75-4760-8934-265B6D47BC8E}.Debug|Any CPU.ActiveCfg = Debug|Any CPU
		{594962A0-CF75-4760-8934-265B6D47BC8E}.Debug|Any CPU.Build.0 = Debug|Any CPU
		{594962A0-CF75-4760-8934-265B6D47BC8E}.Release|Any CPU.ActiveCfg = Release|Any CPU
		{594962A0-CF75-4760-8934-265B6D47BC8E}.Release|Any CPU.Build.0 = Release|Any CPU
	EndGlobalSection
	GlobalSection(SolutionProperties) = preSolution
		HideSolutionNode = FALSE
	EndGlobalSection
	GlobalSection(ExtensibilityGlobals) = postSolution
		SolutionGuid = {6842E6AA-3A7F-4B3A-B7C1-DD801E2A5F35}
	EndGlobalSection
EndGlobal
